
Microsoft Visual Studio Solution File, Format Version 12.00
# Visual Studio Version 17
VisualStudioVersion = 17.11.35327.3
MinimumVisualStudioVersion = 10.0.40219.1
Project("{FAE04EC0-301F-11D3-BF4B-00C04F79EFBC}") = "CR_Games_API", "CR_Games_API\CR_Games_API.csproj", "{E2B20BC6-DA2D-4B22-896B-B9D8B7263C22}"
EndProject
Project("{2150E333-8FDC-42A3-9474-1A3956D46DE8}") = "01 - Application", "01 - Application", "{221F92AB-8F0F-4C47-AC18-CDB6DBE9A961}"
EndProject
Project("{2150E333-8FDC-42A3-9474-1A3956D46DE8}") = "02 - Service", "02 - Service", "{8E4EEE3D-3491-4EFF-90D8-8872A0D880B2}"
EndProject
Project("{2150E333-8FDC-42A3-9474-1A3956D46DE8}") = "03 - Domain", "03 - Domain", "{C3B4ED46-4DA9-4B24-A680-5FA4496B24CF}"
EndProject
Project("{2150E333-8FDC-42A3-9474-1A3956D46DE8}") = "04 - Infra", "04 - Infra", "{559822D7-3C25-4406-BEA5-C3592708964B}"
EndProject
Project("{2150E333-8FDC-42A3-9474-1A3956D46DE8}") = "05 - DTO", "05 - DTO", "{948B0265-A494-46BF-B001-A836448F6172}"
EndProject
Project("{2150E333-8FDC-42A3-9474-1A3956D46DE8}") = "06 - Tests", "06 - Tests", "{AC971403-C9C9-41FC-8A22-7F4A0D8A0B3E}"
EndProject
Project("{FAE04EC0-301F-11D3-BF4B-00C04F79EFBC}") = "CR_Games_API - Service", "CR_Games_API - Service\CR_Games_API - Service.csproj", "{7A9226A5-006D-48EC-A1CB-33899FFA1957}"
EndProject
Project("{FAE04EC0-301F-11D3-BF4B-00C04F79EFBC}") = "CR_Games_API - Domain", "CR_Games_API - Domain\CR_Games_API - Domain.csproj", "{99CAE44D-2752-4557-B8B3-85D1E71FB0DC}"
EndProject
Project("{FAE04EC0-301F-11D3-BF4B-00C04F79EFBC}") = "CR_Games_API - Infra", "CR_Games_API - Infra\CR_Games_API - Infra.csproj", "{F6672DE4-7F8D-4C2A-8FA3-55A7409B18AD}"
EndProject
Project("{FAE04EC0-301F-11D3-BF4B-00C04F79EFBC}") = "CR_Games_API - DTO", "CR_Games_API - DTO\CR_Games_API - DTO.csproj", "{F54E7698-B55E-45CE-9538-59C349495FE8}"
EndProject
Project("{FAE04EC0-301F-11D3-BF4B-00C04F79EFBC}") = "CR_Games_API - Tests", "CR_Games_API - Tests\CR_Games_API - Tests.csproj", "{4F12C71C-25FF-46B4-B443-047DC8CC0174}"
EndProject
Global
	GlobalSection(SolutionConfigurationPlatforms) = preSolution
		Debug|Any CPU = Debug|Any CPU
		Release|Any CPU = Release|Any CPU
	EndGlobalSection
	GlobalSection(ProjectConfigurationPlatforms) = postSolution
		{E2B20BC6-DA2D-4B22-896B-B9D8B7263C22}.Debug|Any CPU.ActiveCfg = Debug|Any CPU
		{E2B20BC6-DA2D-4B22-896B-B9D8B7263C22}.Debug|Any CPU.Build.0 = Debug|Any CPU
		{E2B20BC6-DA2D-4B22-896B-B9D8B7263C22}.Release|Any CPU.ActiveCfg = Release|Any CPU
		{E2B20BC6-DA2D-4B22-896B-B9D8B7263C22}.Release|Any CPU.Build.0 = Release|Any CPU
		{7A9226A5-006D-48EC-A1CB-33899FFA1957}.Debug|Any CPU.ActiveCfg = Debug|Any CPU
		{7A9226A5-006D-48EC-A1CB-33899FFA1957}.Debug|Any CPU.Build.0 = Debug|Any CPU
		{7A9226A5-006D-48EC-A1CB-33899FFA1957}.Release|Any CPU.ActiveCfg = Release|Any CPU
		{7A9226A5-006D-48EC-A1CB-33899FFA1957}.Release|Any CPU.Build.0 = Release|Any CPU
		{99CAE44D-2752-4557-B8B3-85D1E71FB0DC}.Debug|Any CPU.ActiveCfg = Debug|Any CPU
		{99CAE44D-2752-4557-B8B3-85D1E71FB0DC}.Debug|Any CPU.Build.0 = Debug|Any CPU
		{99CAE44D-2752-4557-B8B3-85D1E71FB0DC}.Release|Any CPU.ActiveCfg = Release|Any CPU
		{99CAE44D-2752-4557-B8B3-85D1E71FB0DC}.Release|Any CPU.Build.0 = Release|Any CPU
		{F6672DE4-7F8D-4C2A-8FA3-55A7409B18AD}.Debug|Any CPU.ActiveCfg = Debug|Any CPU
		{F6672DE4-7F8D-4C2A-8FA3-55A7409B18AD}.Debug|Any CPU.Build.0 = Debug|Any CPU
		{F6672DE4-7F8D-4C2A-8FA3-55A7409B18AD}.Release|Any CPU.ActiveCfg = Release|Any CPU
		{F6672DE4-7F8D-4C2A-8FA3-55A7409B18AD}.Release|Any CPU.Build.0 = Release|Any CPU
		{F54E7698-B55E-45CE-9538-59C349495FE8}.Debug|Any CPU.ActiveCfg = Debug|Any CPU
		{F54E7698-B55E-45CE-9538-59C349495FE8}.Debug|Any CPU.Build.0 = Debug|Any CPU
		{F54E7698-B55E-45CE-9538-59C349495FE8}.Release|Any CPU.ActiveCfg = Release|Any CPU
		{F54E7698-B55E-45CE-9538-59C349495FE8}.Release|Any CPU.Build.0 = Release|Any CPU
		{4F12C71C-25FF-46B4-B443-047DC8CC0174}.Debug|Any CPU.ActiveCfg = Debug|Any CPU
		{4F12C71C-25FF-46B4-B443-047DC8CC0174}.Debug|Any CPU.Build.0 = Debug|Any CPU
		{4F12C71C-25FF-46B4-B443-047DC8CC0174}.Release|Any CPU.ActiveCfg = Release|Any CPU
		{4F12C71C-25FF-46B4-B443-047DC8CC0174}.Release|Any CPU.Build.0 = Release|Any CPU
	EndGlobalSection
	GlobalSection(SolutionProperties) = preSolution
		HideSolutionNode = FALSE
	EndGlobalSection
	GlobalSection(NestedProjects) = preSolution
		{E2B20BC6-DA2D-4B22-896B-B9D8B7263C22} = {221F92AB-8F0F-4C47-AC18-CDB6DBE9A961}
		{7A9226A5-006D-48EC-A1CB-33899FFA1957} = {8E4EEE3D-3491-4EFF-90D8-8872A0D880B2}
		{99CAE44D-2752-4557-B8B3-85D1E71FB0DC} = {C3B4ED46-4DA9-4B24-A680-5FA4496B24CF}
		{F6672DE4-7F8D-4C2A-8FA3-55A7409B18AD} = {559822D7-3C25-4406-BEA5-C3592708964B}
		{F54E7698-B55E-45CE-9538-59C349495FE8} = {948B0265-A494-46BF-B001-A836448F6172}
		{4F12C71C-25FF-46B4-B443-047DC8CC0174} = {AC971403-C9C9-41FC-8A22-7F4A0D8A0B3E}
	EndGlobalSection
	GlobalSection(ExtensibilityGlobals) = postSolution
		SolutionGuid = {B681AB0D-5C91-4E2C-A0FB-100BF83092C4}
	EndGlobalSection
EndGlobal
